
Microsoft Visual Studio Solution File, Format Version 12.00
# Visual Studio Version 16
VisualStudioVersion = 16.0.31205.134
MinimumVisualStudioVersion = 10.0.40219.1
Project("{FAE04EC0-301F-11D3-BF4B-00C04F79EFBC}") = "VacancyMonolith", "VacancyMonolith\VacancyMonolith.csproj", "{6E0BF9AA-7CDC-4803-8B9A-72B97E0E7EBB}"
EndProject
Global
	GlobalSection(SolutionConfigurationPlatforms) = preSolution
		Debug|Any CPU = Debug|Any CPU
		Release|Any CPU = Release|Any CPU
	EndGlobalSection
	GlobalSection(ProjectConfigurationPlatforms) = postSolution
		{6E0BF9AA-7CDC-4803-8B9A-72B97E0E7EBB}.Debug|Any CPU.ActiveCfg = Debug|Any CPU
		{6E0BF9AA-7CDC-4803-8B9A-72B97E0E7EBB}.Debug|Any CPU.Build.0 = Debug|Any CPU
		{6E0BF9AA-7CDC-4803-8B9A-72B97E0E7EBB}.Release|Any CPU.ActiveCfg = Release|Any CPU
		{6E0BF9AA-7CDC-4803-8B9A-72B97E0E7EBB}.Release|Any CPU.Build.0 = Release|Any CPU
	EndGlobalSection
	GlobalSection(SolutionProperties) = preSolution
		HideSolutionNode = FALSE
	EndGlobalSection
	GlobalSection(ExtensibilityGlobals) = postSolution
		SolutionGuid = {B811BBB5-EFD7-4C49-A092-8603534D8857}
	EndGlobalSection
EndGlobal
